// !$*UTF8*$!
{
	archiveVersion = 1;
	classes = {
	};
	objectVersion = 50;
	objects = {

/* Begin PBXBuildFile section */
		D539E33022FA088500A25A07 /* AppDelegate.m in Sources */ = {isa = PBXBuildFile; fileRef = D539E32F22FA088500A25A07 /* AppDelegate.m */; };
		D539E33322FA088500A25A07 /* ViewController.m in Sources */ = {isa = PBXBuildFile; fileRef = D539E33222FA088500A25A07 /* ViewController.m */; };
		D539E33622FA088500A25A07 /* Main.storyboard in Resources */ = {isa = PBXBuildFile; fileRef = D539E33422FA088500A25A07 /* Main.storyboard */; };
		D539E33822FA088E00A25A07 /* Assets.xcassets in Resources */ = {isa = PBXBuildFile; fileRef = D539E33722FA088E00A25A07 /* Assets.xcassets */; };
		D539E33B22FA088E00A25A07 /* LaunchScreen.storyboard in Resources */ = {isa = PBXBuildFile; fileRef = D539E33922FA088E00A25A07 /* LaunchScreen.storyboard */; };
		D539E33E22FA088E00A25A07 /* main.m in Sources */ = {isa = PBXBuildFile; fileRef = D539E33D22FA088E00A25A07 /* main.m */; };
		D5CAF2AF2300272A00C8AE61 /* DetailViewController.m in Sources */ = {isa = PBXBuildFile; fileRef = D5CAF2AE2300272A00C8AE61 /* DetailViewController.m */; };
/* End PBXBuildFile section */

/* Begin PBXFileReference section */
		D539E32B22FA088500A25A07 /* BLE Terminal.app */ = {isa = PBXFileReference; explicitFileType = wrapper.application; includeInIndex = 0; path = "BLE Terminal.app"; sourceTree = BUILT_PRODUCTS_DIR; };
		D539E32E22FA088500A25A07 /* AppDelegate.h */ = {isa = PBXFileReference; lastKnownFileType = sourcecode.c.h; path = AppDelegate.h; sourceTree = "<group>"; };
		D539E32F22FA088500A25A07 /* AppDelegate.m */ = {isa = PBXFileReference; lastKnownFileType = sourcecode.c.objc; path = AppDelegate.m; sourceTree = "<group>"; };
		D539E33122FA088500A25A07 /* ViewController.h */ = {isa = PBXFileReference; lastKnownFileType = sourcecode.c.h; path = ViewController.h; sourceTree = "<group>"; };
		D539E33222FA088500A25A07 /* ViewController.m */ = {isa = PBXFileReference; lastKnownFileType = sourcecode.c.objc; path = ViewController.m; sourceTree = "<group>"; };
		D539E33522FA088500A25A07 /* Base */ = {isa = PBXFileReference; lastKnownFileType = file.storyboard; name = Base; path = Base.lproj/Main.storyboard; sourceTree = "<group>"; };
		D539E33722FA088E00A25A07 /* Assets.xcassets */ = {isa = PBXFileReference; lastKnownFileType = folder.assetcatalog; path = Assets.xcassets; sourceTree = "<group>"; };
		D539E33A22FA088E00A25A07 /* Base */ = {isa = PBXFileReference; lastKnownFileType = file.storyboard; name = Base; path = Base.lproj/LaunchScreen.storyboard; sourceTree = "<group>"; };
		D539E33C22FA088E00A25A07 /* Info.plist */ = {isa = PBXFileReference; lastKnownFileType = text.plist.xml; path = Info.plist; sourceTree = "<group>"; };
		D539E33D22FA088E00A25A07 /* main.m */ = {isa = PBXFileReference; lastKnownFileType = sourcecode.c.objc; path = main.m; sourceTree = "<group>"; };
		D5CAF2AE2300272A00C8AE61 /* DetailViewController.m */ = {isa = PBXFileReference; lastKnownFileType = sourcecode.c.objc; path = DetailViewController.m; sourceTree = "<group>"; };
		D5CAF2B02300273400C8AE61 /* DetailViewController.h */ = {isa = PBXFileReference; lastKnownFileType = sourcecode.c.h; path = DetailViewController.h; sourceTree = "<group>"; };
/* End PBXFileReference section */

/* Begin PBXFrameworksBuildPhase section */
		D539E32822FA088500A25A07 /* Frameworks */ = {
			isa = PBXFrameworksBuildPhase;
			buildActionMask = 2147483647;
			files = (
			);
			runOnlyForDeploymentPostprocessing = 0;
		};
/* End PBXFrameworksBuildPhase section */

/* Begin PBXGroup section */
		D539E32222FA088500A25A07 = {
			isa = PBXGroup;
			children = (
				D539E32D22FA088500A25A07 /* BLE Terminal */,
				D539E32C22FA088500A25A07 /* Products */,
			);
			sourceTree = "<group>";
		};
		D539E32C22FA088500A25A07 /* Products */ = {
			isa = PBXGroup;
			children = (
				D539E32B22FA088500A25A07 /* BLE Terminal.app */,
			);
			name = Products;
			sourceTree = "<group>";
		};
		D539E32D22FA088500A25A07 /* BLE Terminal */ = {
			isa = PBXGroup;
			children = (
				D539E32E22FA088500A25A07 /* AppDelegate.h */,
				D539E32F22FA088500A25A07 /* AppDelegate.m */,
				D539E33122FA088500A25A07 /* ViewController.h */,
				D539E33222FA088500A25A07 /* ViewController.m */,
				D539E33422FA088500A25A07 /* Main.storyboard */,
				D539E33722FA088E00A25A07 /* Assets.xcassets */,
				D539E33922FA088E00A25A07 /* LaunchScreen.storyboard */,
				D539E33C22FA088E00A25A07 /* Info.plist */,
				D539E33D22FA088E00A25A07 /* main.m */,
				D5CAF2AE2300272A00C8AE61 /* DetailViewController.m */,
				D5CAF2B02300273400C8AE61 /* DetailViewController.h */,
			);
			path = "BLE Terminal";
			sourceTree = "<group>";
		};
/* End PBXGroup section */

/* Begin PBXNativeTarget section */
		D539E32A22FA088500A25A07 /* BLE Terminal */ = {
			isa = PBXNativeTarget;
			buildConfigurationList = D539E34122FA088E00A25A07 /* Build configuration list for PBXNativeTarget "BLE Terminal" */;
			buildPhases = (
				D539E32722FA088500A25A07 /* Sources */,
				D539E32822FA088500A25A07 /* Frameworks */,
				D539E32922FA088500A25A07 /* Resources */,
			);
			buildRules = (
			);
			dependencies = (
			);
			name = "BLE Terminal";
			productName = "BLE Terminal";
			productReference = D539E32B22FA088500A25A07 /* BLE Terminal.app */;
			productType = "com.apple.product-type.application";
		};
/* End PBXNativeTarget section */

/* Begin PBXProject section */
		D539E32322FA088500A25A07 /* Project object */ = {
			isa = PBXProject;
			attributes = {
				LastUpgradeCheck = 1020;
				ORGANIZATIONNAME = "Ashutosh Roy";
				TargetAttributes = {
					D539E32A22FA088500A25A07 = {
						CreatedOnToolsVersion = 10.2.1;
					};
				};
			};
			buildConfigurationList = D539E32622FA088500A25A07 /* Build configuration list for PBXProject "BLE Terminal" */;
			compatibilityVersion = "Xcode 9.3";
			developmentRegion = en;
			hasScannedForEncodings = 0;
			knownRegions = (
				en,
				Base,
			);
			mainGroup = D539E32222FA088500A25A07;
			productRefGroup = D539E32C22FA088500A25A07 /* Products */;
			projectDirPath = "";
			projectRoot = "";
			targets = (
				D539E32A22FA088500A25A07 /* BLE Terminal */,
			);
		};
/* End PBXProject section */

/* Begin PBXResourcesBuildPhase section */
		D539E32922FA088500A25A07 /* Resources */ = {
			isa = PBXResourcesBuildPhase;
			buildActionMask = 2147483647;
			files = (
				D539E33B22FA088E00A25A07 /* LaunchScreen.storyboard in Resources */,
				D539E33822FA088E00A25A07 /* Assets.xcassets in Resources */,
				D539E33622FA088500A25A07 /* Main.storyboard in Resources */,
			);
			runOnlyForDeploymentPostprocessing = 0;
		};
/* End PBXResourcesBuildPhase section */

/* Begin PBXSourcesBuildPhase section */
		D539E32722FA088500A25A07 /* Sources */ = {
			isa = PBXSourcesBuildPhase;
			buildActionMask = 2147483647;
			files = (
				D539E33322FA088500A25A07 /* ViewController.m in Sources */,
				D539E33E22FA088E00A25A07 /* main.m in Sources */,
				D539E33022FA088500A25A07 /* AppDelegate.m in Sources */,
				D5CAF2AF2300272A00C8AE61 /* DetailViewController.m in Sources */,
			);
			runOnlyForDeploymentPostprocessing = 0;
		};
/* End PBXSourcesBuildPhase section */

/* Begin PBXVariantGroup section */
		D539E33422FA088500A25A07 /* Main.storyboard */ = {
			isa = PBXVariantGroup;
			children = (
				D539E33522FA088500A25A07 /* Base */,
			);
			name = Main.storyboard;
			sourceTree = "<group>";
		};
		D539E33922FA088E00A25A07 /* LaunchScreen.storyboard */ = {
			isa = PBXVariantGroup;
			children = (
				D539E33A22FA088E00A25A07 /* Base */,
			);
			name = LaunchScreen.storyboard;
			sourceTree = "<group>";
		};
/* End PBXVariantGroup section */

/* Begin XCBuildConfiguration section */
		D539E33F22FA088E00A25A07 /* Debug */ = {
			isa = XCBuildConfiguration;
			buildSettings = {
				ALWAYS_SEARCH_USER_PATHS = NO;
				CLANG_ANALYZER_NONNULL = YES;
				CLANG_ANALYZER_NUMBER_OBJECT_CONVERSION = YES_AGGRESSIVE;
				CLANG_CXX_LANGUAGE_STANDARD = "gnu++14";
				CLANG_CXX_LIBRARY = "libc++";
				CLANG_ENABLE_MODULES = YES;
				CLANG_ENABLE_OBJC_ARC = YES;
				CLANG_ENABLE_OBJC_WEAK = YES;
				CLANG_WARN_BLOCK_CAPTURE_AUTORELEASING = YES;
				CLANG_WARN_BOOL_CONVERSION = YES;
				CLANG_WARN_COMMA = YES;
				CLANG_WARN_CONSTANT_CONVERSION = YES;
				CLANG_WARN_DEPRECATED_OBJC_IMPLEMENTATIONS = YES;
				CLANG_WARN_DIRECT_OBJC_ISA_USAGE = YES_ERROR;
				CLANG_WARN_DOCUMENTATION_COMMENTS = YES;
				CLANG_WARN_EMPTY_BODY = YES;
				CLANG_WARN_ENUM_CONVERSION = YES;
				CLANG_WARN_INFINITE_RECURSION = YES;
				CLANG_WARN_INT_CONVERSION = YES;
				CLANG_WARN_NON_LITERAL_NULL_CONVERSION = YES;
				CLANG_WARN_OBJC_IMPLICIT_RETAIN_SELF = YES;
				CLANG_WARN_OBJC_LITERAL_CONVERSION = YES;
				CLANG_WARN_OBJC_ROOT_CLASS = YES_ERROR;
				CLANG_WARN_RANGE_LOOP_ANALYSIS = YES;
				CLANG_WARN_STRICT_PROTOTYPES = YES;
				CLANG_WARN_SUSPICIOUS_MOVE = YES;
				CLANG_WARN_UNGUARDED_AVAILABILITY = YES_AGGRESSIVE;
				CLANG_WARN_UNREACHABLE_CODE = YES;
				CLANG_WARN__DUPLICATE_METHOD_MATCH = YES;
				CODE_SIGN_IDENTITY = "iPhone Developer";
				COPY_PHASE_STRIP = NO;
				DEBUG_INFORMATION_FORMAT = dwarf;
				ENABLE_STRICT_OBJC_MSGSEND = YES;
				ENABLE_TESTABILITY = YES;
				GCC_C_LANGUAGE_STANDARD = gnu11;
				GCC_DYNAMIC_NO_PIC = NO;
				GCC_NO_COMMON_BLOCKS = YES;
				GCC_OPTIMIZATION_LEVEL = 0;
				GCC_PREPROCESSOR_DEFINITIONS = (
					"DEBUG=1",
					"$(inherited)",
				);
				GCC_WARN_64_TO_32_BIT_CONVERSION = YES;
				GCC_WARN_ABOUT_RETURN_TYPE = YES_ERROR;
				GCC_WARN_UNDECLARED_SELECTOR = YES;
				GCC_WARN_UNINITIALIZED_AUTOS = YES_AGGRESSIVE;
				GCC_WARN_UNUSED_FUNCTION = YES;
				GCC_WARN_UNUSED_VARIABLE = YES;
				IPHONEOS_DEPLOYMENT_TARGET = 12.2;
				MTL_ENABLE_DEBUG_INFO = INCLUDE_SOURCE;
				MTL_FAST_MATH = YES;
				ONLY_ACTIVE_ARCH = YES;
				SDKROOT = iphoneos;
			};
			name = Debug;
		};
		D539E34022FA088E00A25A07 /* Release */ = {
			isa = XCBuildConfiguration;
			buildSettings = {
				ALWAYS_SEARCH_USER_PATHS = NO;
				CLANG_ANALYZER_NONNULL = YES;
				CLANG_ANALYZER_NUMBER_OBJECT_CONVERSION = YES_AGGRESSIVE;
				CLANG_CXX_LANGUAGE_STANDARD = "gnu++14";
				CLANG_CXX_LIBRARY = "libc++";
				CLANG_ENABLE_MODULES = YES;
				CLANG_ENABLE_OBJC_ARC = YES;
				CLANG_ENABLE_OBJC_WEAK = YES;
				CLANG_WARN_BLOCK_CAPTURE_AUTORELEASING = YES;
				CLANG_WARN_BOOL_CONVERSION = YES;
				CLANG_WARN_COMMA = YES;
				CLANG_WARN_CONSTANT_CONVERSION = YES;
				CLANG_WARN_DEPRECATED_OBJC_IMPLEMENTATIONS = YES;
				CLANG_WARN_DIRECT_OBJC_ISA_USAGE = YES_ERROR;
				CLANG_WARN_DOCUMENTATION_COMMENTS = YES;
				CLANG_WARN_EMPTY_BODY = YES;
				CLANG_WARN_ENUM_CONVERSION = YES;
				CLANG_WARN_INFINITE_RECURSION = YES;
				CLANG_WARN_INT_CONVERSION = YES;
				CLANG_WARN_NON_LITERAL_NULL_CONVERSION = YES;
				CLANG_WARN_OBJC_IMPLICIT_RETAIN_SELF = YES;
				CLANG_WARN_OBJC_LITERAL_CONVERSION = YES;
				CLANG_WARN_OBJC_ROOT_CLASS = YES_ERROR;
				CLANG_WARN_RANGE_LOOP_ANALYSIS = YES;
				CLANG_WARN_STRICT_PROTOTYPES = YES;
				CLANG_WARN_SUSPICIOUS_MOVE = YES;
				CLANG_WARN_UNGUARDED_AVAILABILITY = YES_AGGRESSIVE;
				CLANG_WARN_UNREACHABLE_CODE = YES;
				CLANG_WARN__DUPLICATE_METHOD_MATCH = YES;
				CODE_SIGN_IDENTITY = "iPhone Developer";
				COPY_PHASE_STRIP = NO;
				DEBUG_INFORMATION_FORMAT = "dwarf-with-dsym";
				ENABLE_NS_ASSERTIONS = NO;
				ENABLE_STRICT_OBJC_MSGSEND = YES;
				GCC_C_LANGUAGE_STANDARD = gnu11;
				GCC_NO_COMMON_BLOCKS = YES;
				GCC_WARN_64_TO_32_BIT_CONVERSION = YES;
				GCC_WARN_ABOUT_RETURN_TYPE = YES_ERROR;
				GCC_WARN_UNDECLARED_SELECTOR = YES;
				GCC_WARN_UNINITIALIZED_AUTOS = YES_AGGRESSIVE;
				GCC_WARN_UNUSED_FUNCTION = YES;
				GCC_WARN_UNUSED_VARIABLE = YES;
				IPHONEOS_DEPLOYMENT_TARGET = 12.2;
				MTL_ENABLE_DEBUG_INFO = NO;
				MTL_FAST_MATH = YES;
				SDKROOT = iphoneos;
				VALIDATE_PRODUCT = YES;
			};
			name = Release;
		};
		D539E34222FA088E00A25A07 /* Debug */ = {
			isa = XCBuildConfiguration;
			buildSettings = {
				ASSETCATALOG_COMPILER_APPICON_NAME = AppIcon;
				CODE_SIGN_STYLE = Automatic;
				DEVELOPMENT_TEAM = JNSD4N6NRD;
				INFOPLIST_FILE = "BLE Terminal/Info.plist";
				LD_RUNPATH_SEARCH_PATHS = (
					"$(inherited)",
					"@executable_path/Frameworks",
				);
				PRODUCT_BUNDLE_IDENTIFIER = "ashu.BLE-Terminal";
				PRODUCT_NAME = "$(TARGET_NAME)";
				TARGETED_DEVICE_FAMILY = "1,2";
			};
			name = Debug;
		};
		D539E34322FA088E00A25A07 /* Release */ = {
			isa = XCBuildConfiguration;
			buildSettings = {
				ASSETCATALOG_COMPILER_APPICON_NAME = AppIcon;
				CODE_SIGN_STYLE = Automatic;
				DEVELOPMENT_TEAM = JNSD4N6NRD;
				INFOPLIST_FILE = "BLE Terminal/Info.plist";
				LD_RUNPATH_SEARCH_PATHS = (
					"$(inherited)",
					"@executable_path/Frameworks",
				);
				PRODUCT_BUNDLE_IDENTIFIER = "ashu.BLE-Terminal";
				PRODUCT_NAME = "$(TARGET_NAME)";
				TARGETED_DEVICE_FAMILY = "1,2";
			};
			name = Release;
		};
/* End XCBuildConfiguration section */

/* Begin XCConfigurationList section */
		D539E32622FA088500A25A07 /* Build configuration list for PBXProject "BLE Terminal" */ = {
			isa = XCConfigurationList;
			buildConfigurations = (
				D539E33F22FA088E00A25A07 /* Debug */,
				D539E34022FA088E00A25A07 /* Release */,
			);
			defaultConfigurationIsVisible = 0;
			defaultConfigurationName = Release;
		};
		D539E34122FA088E00A25A07 /* Build configuration list for PBXNativeTarget "BLE Terminal" */ = {
			isa = XCConfigurationList;
			buildConfigurations = (
				D539E34222FA088E00A25A07 /* Debug */,
				D539E34322FA088E00A25A07 /* Release */,
			);
			defaultConfigurationIsVisible = 0;
			defaultConfigurationName = Release;
		};
/* End XCConfigurationList section */
	};
	rootObject = D539E32322FA088500A25A07 /* Project object */;
}
